
Microsoft Visual Studio Solution File, Format Version 12.00
Project("{2150E333-8FDC-42A3-9474-1A3956D46DE8}") = "SolutionItems", "SolutionItems", "{69488B9F-D385-4F4D-AA3D-26056A77817D}"
	ProjectSection(SolutionItems) = preProject
		.gitignore = .gitignore
		LICENSE = LICENSE
		README.md = README.md
	EndProjectSection
EndProject
Project("{2150E333-8FDC-42A3-9474-1A3956D46DE8}") = "OpenAi", "OpenAi", "{A2F0F9C2-26F3-4B7E-B6A2-84D464F36D84}"
EndProject
Project("{2150E333-8FDC-42A3-9474-1A3956D46DE8}") = "Telegram", "Telegram", "{CA38E3A5-032F-43AB-AAA0-D921B22A7FB7}"
EndProject
Project("{FAE04EC0-301F-11D3-BF4B-00C04F79EFBC}") = "JGP.Ai.OpenAi.Clients", "OpenAi\JGP.Ai.OpenAi.Clients\JGP.Ai.OpenAi.Clients.csproj", "{FB0BACB7-7051-4888-9B79-ED11EEC27ECF}"
EndProject
Project("{FAE04EC0-301F-11D3-BF4B-00C04F79EFBC}") = "JGP.Ai.OpenAi.ConversationRunner", "OpenAi\JGP.Ai.OpenAi.ConversationRunner\JGP.Ai.OpenAi.ConversationRunner.csproj", "{1043D6A8-9705-4E6A-B827-E88122CE47F6}"
EndProject
Project("{2150E333-8FDC-42A3-9474-1A3956D46DE8}") = "AutoGPT", "AutoGPT", "{93881E31-0638-406D-B1D1-39C7CA7B3F2C}"
EndProject
Project("{FAE04EC0-301F-11D3-BF4B-00C04F79EFBC}") = "AutoGPT.Console", "AutoGPT.Console\AutoGPT.Console.csproj", "{499A9DDD-2675-4A39-BCC6-C65661930161}"
EndProject
Project("{FAE04EC0-301F-11D3-BF4B-00C04F79EFBC}") = "AutoGPT.Agents", "AutoGPT.Agents\AutoGPT.Agents.csproj", "{A982EB38-AD07-4639-8FD1-44D257D31579}"
EndProject
Project("{2150E333-8FDC-42A3-9474-1A3956D46DE8}") = "Utilities", "Utilities", "{FF10C658-46BB-4AB2-A61A-307A1AF74D7D}"
EndProject
Project("{FAE04EC0-301F-11D3-BF4B-00C04F79EFBC}") = "Utilities.Web", "Utilities.Web\Utilities.Web.csproj", "{2DADB331-868F-49F0-AB32-A53ABFAFCE2B}"
EndProject
Project("{2150E333-8FDC-42A3-9474-1A3956D46DE8}") = "Libraries", "Libraries", "{B61032DB-918F-40BC-97CC-F5CB23244521}"
EndProject
Project("{FAE04EC0-301F-11D3-BF4B-00C04F79EFBC}") = "Libraries.Pinecone", "Libraries.Pinecone\Libraries.Pinecone.csproj", "{65F31DBB-6071-4A88-9669-9C0742B41F8C}"
EndProject
Project("{FAE04EC0-301F-11D3-BF4B-00C04F79EFBC}") = "JGP.Telegram.Host", "JGP.Telegram.Host\JGP.Telegram.Host.csproj", "{82076BFA-E83B-44C8-9597-6EB1012FF377}"
EndProject
Project("{FAE04EC0-301F-11D3-BF4B-00C04F79EFBC}") = "JGP.Telegram.Core", "JGP.Telegram.Core\JGP.Telegram.Core.csproj", "{C596F8AC-EFF6-4337-B733-736ACBDED9C8}"
EndProject
Project("{FAE04EC0-301F-11D3-BF4B-00C04F79EFBC}") = "JGP.Telegram.Data.EntityFramework", "JGP.Telegram.Data.EntityFramework\JGP.Telegram.Data.EntityFramework.csproj", "{C5305908-F04B-4D30-9617-A3F29C26291F}"
EndProject
Project("{FAE04EC0-301F-11D3-BF4B-00C04F79EFBC}") = "JGP.Telegram.Services", "JGP.Telegram.Services\JGP.Telegram.Services.csproj", "{B25A164F-8054-4110-A2C6-03CCACE5810B}"
EndProject
Project("{FAE04EC0-301F-11D3-BF4B-00C04F79EFBC}") = "Playground", "Playground\Playground.csproj", "{C0EF4998-E5E6-4E4C-99FE-95F7BEB35C5D}"
EndProject
Project("{FAE04EC0-301F-11D3-BF4B-00C04F79EFBC}") = "JGP.Telegram.Models", "JGP.Telegram.Models\JGP.Telegram.Models.csproj", "{C4596FF8-A244-423A-834D-E3CCDEDA41CD}"
EndProject
Global
	GlobalSection(SolutionConfigurationPlatforms) = preSolution
		Debug|Any CPU = Debug|Any CPU
		Release|Any CPU = Release|Any CPU
	EndGlobalSection
	GlobalSection(NestedProjects) = preSolution
		{FB0BACB7-7051-4888-9B79-ED11EEC27ECF} = {A2F0F9C2-26F3-4B7E-B6A2-84D464F36D84}
		{1043D6A8-9705-4E6A-B827-E88122CE47F6} = {A2F0F9C2-26F3-4B7E-B6A2-84D464F36D84}
		{499A9DDD-2675-4A39-BCC6-C65661930161} = {93881E31-0638-406D-B1D1-39C7CA7B3F2C}
		{A982EB38-AD07-4639-8FD1-44D257D31579} = {93881E31-0638-406D-B1D1-39C7CA7B3F2C}
		{2DADB331-868F-49F0-AB32-A53ABFAFCE2B} = {FF10C658-46BB-4AB2-A61A-307A1AF74D7D}
		{65F31DBB-6071-4A88-9669-9C0742B41F8C} = {B61032DB-918F-40BC-97CC-F5CB23244521}
		{82076BFA-E83B-44C8-9597-6EB1012FF377} = {CA38E3A5-032F-43AB-AAA0-D921B22A7FB7}
		{C596F8AC-EFF6-4337-B733-736ACBDED9C8} = {CA38E3A5-032F-43AB-AAA0-D921B22A7FB7}
		{C5305908-F04B-4D30-9617-A3F29C26291F} = {CA38E3A5-032F-43AB-AAA0-D921B22A7FB7}
		{B25A164F-8054-4110-A2C6-03CCACE5810B} = {CA38E3A5-032F-43AB-AAA0-D921B22A7FB7}
		{C0EF4998-E5E6-4E4C-99FE-95F7BEB35C5D} = {CA38E3A5-032F-43AB-AAA0-D921B22A7FB7}
		{C4596FF8-A244-423A-834D-E3CCDEDA41CD} = {CA38E3A5-032F-43AB-AAA0-D921B22A7FB7}
	EndGlobalSection
	GlobalSection(ProjectConfigurationPlatforms) = postSolution
		{FB0BACB7-7051-4888-9B79-ED11EEC27ECF}.Debug|Any CPU.ActiveCfg = Debug|Any CPU
		{FB0BACB7-7051-4888-9B79-ED11EEC27ECF}.Debug|Any CPU.Build.0 = Debug|Any CPU
		{FB0BACB7-7051-4888-9B79-ED11EEC27ECF}.Release|Any CPU.ActiveCfg = Release|Any CPU
		{FB0BACB7-7051-4888-9B79-ED11EEC27ECF}.Release|Any CPU.Build.0 = Release|Any CPU
		{1043D6A8-9705-4E6A-B827-E88122CE47F6}.Debug|Any CPU.ActiveCfg = Debug|Any CPU
		{1043D6A8-9705-4E6A-B827-E88122CE47F6}.Debug|Any CPU.Build.0 = Debug|Any CPU
		{1043D6A8-9705-4E6A-B827-E88122CE47F6}.Release|Any CPU.ActiveCfg = Release|Any CPU
		{1043D6A8-9705-4E6A-B827-E88122CE47F6}.Release|Any CPU.Build.0 = Release|Any CPU
		{499A9DDD-2675-4A39-BCC6-C65661930161}.Debug|Any CPU.ActiveCfg = Debug|Any CPU
		{499A9DDD-2675-4A39-BCC6-C65661930161}.Debug|Any CPU.Build.0 = Debug|Any CPU
		{499A9DDD-2675-4A39-BCC6-C65661930161}.Release|Any CPU.ActiveCfg = Release|Any CPU
		{499A9DDD-2675-4A39-BCC6-C65661930161}.Release|Any CPU.Build.0 = Release|Any CPU
		{A982EB38-AD07-4639-8FD1-44D257D31579}.Debug|Any CPU.ActiveCfg = Debug|Any CPU
		{A982EB38-AD07-4639-8FD1-44D257D31579}.Debug|Any CPU.Build.0 = Debug|Any CPU
		{A982EB38-AD07-4639-8FD1-44D257D31579}.Release|Any CPU.ActiveCfg = Release|Any CPU
		{A982EB38-AD07-4639-8FD1-44D257D31579}.Release|Any CPU.Build.0 = Release|Any CPU
		{2DADB331-868F-49F0-AB32-A53ABFAFCE2B}.Debug|Any CPU.ActiveCfg = Debug|Any CPU
		{2DADB331-868F-49F0-AB32-A53ABFAFCE2B}.Debug|Any CPU.Build.0 = Debug|Any CPU
		{2DADB331-868F-49F0-AB32-A53ABFAFCE2B}.Release|Any CPU.ActiveCfg = Release|Any CPU
		{2DADB331-868F-49F0-AB32-A53ABFAFCE2B}.Release|Any CPU.Build.0 = Release|Any CPU
		{65F31DBB-6071-4A88-9669-9C0742B41F8C}.Debug|Any CPU.ActiveCfg = Debug|Any CPU
		{65F31DBB-6071-4A88-9669-9C0742B41F8C}.Debug|Any CPU.Build.0 = Debug|Any CPU
		{65F31DBB-6071-4A88-9669-9C0742B41F8C}.Release|Any CPU.ActiveCfg = Release|Any CPU
		{65F31DBB-6071-4A88-9669-9C0742B41F8C}.Release|Any CPU.Build.0 = Release|Any CPU
		{82076BFA-E83B-44C8-9597-6EB1012FF377}.Debug|Any CPU.ActiveCfg = Debug|Any CPU
		{82076BFA-E83B-44C8-9597-6EB1012FF377}.Debug|Any CPU.Build.0 = Debug|Any CPU
		{82076BFA-E83B-44C8-9597-6EB1012FF377}.Release|Any CPU.ActiveCfg = Release|Any CPU
		{82076BFA-E83B-44C8-9597-6EB1012FF377}.Release|Any CPU.Build.0 = Release|Any CPU
		{C596F8AC-EFF6-4337-B733-736ACBDED9C8}.Debug|Any CPU.ActiveCfg = Debug|Any CPU
		{C596F8AC-EFF6-4337-B733-736ACBDED9C8}.Debug|Any CPU.Build.0 = Debug|Any CPU
		{C596F8AC-EFF6-4337-B733-736ACBDED9C8}.Release|Any CPU.ActiveCfg = Release|Any CPU
		{C596F8AC-EFF6-4337-B733-736ACBDED9C8}.Release|Any CPU.Build.0 = Release|Any CPU
		{C5305908-F04B-4D30-9617-A3F29C26291F}.Debug|Any CPU.ActiveCfg = Debug|Any CPU
		{C5305908-F04B-4D30-9617-A3F29C26291F}.Debug|Any CPU.Build.0 = Debug|Any CPU
		{C5305908-F04B-4D30-9617-A3F29C26291F}.Release|Any CPU.ActiveCfg = Release|Any CPU
		{C5305908-F04B-4D30-9617-A3F29C26291F}.Release|Any CPU.Build.0 = Release|Any CPU
		{B25A164F-8054-4110-A2C6-03CCACE5810B}.Debug|Any CPU.ActiveCfg = Debug|Any CPU
		{B25A164F-8054-4110-A2C6-03CCACE5810B}.Debug|Any CPU.Build.0 = Debug|Any CPU
		{B25A164F-8054-4110-A2C6-03CCACE5810B}.Release|Any CPU.ActiveCfg = Release|Any CPU
		{B25A164F-8054-4110-A2C6-03CCACE5810B}.Release|Any CPU.Build.0 = Release|Any CPU
		{C0EF4998-E5E6-4E4C-99FE-95F7BEB35C5D}.Debug|Any CPU.ActiveCfg = Debug|Any CPU
		{C0EF4998-E5E6-4E4C-99FE-95F7BEB35C5D}.Debug|Any CPU.Build.0 = Debug|Any CPU
		{C0EF4998-E5E6-4E4C-99FE-95F7BEB35C5D}.Release|Any CPU.ActiveCfg = Release|Any CPU
		{C0EF4998-E5E6-4E4C-99FE-95F7BEB35C5D}.Release|Any CPU.Build.0 = Release|Any CPU
		{C4596FF8-A244-423A-834D-E3CCDEDA41CD}.Debug|Any CPU.ActiveCfg = Debug|Any CPU
		{C4596FF8-A244-423A-834D-E3CCDEDA41CD}.Debug|Any CPU.Build.0 = Debug|Any CPU
		{C4596FF8-A244-423A-834D-E3CCDEDA41CD}.Release|Any CPU.ActiveCfg = Release|Any CPU
		{C4596FF8-A244-423A-834D-E3CCDEDA41CD}.Release|Any CPU.Build.0 = Release|Any CPU
	EndGlobalSection
EndGlobal
