
Microsoft Visual Studio Solution File, Format Version 12.00
Project("{2150E333-8FDC-42A3-9474-1A3956D46DE8}") = "SolutionItems", "SolutionItems", "{69488B9F-D385-4F4D-AA3D-26056A77817D}"
	ProjectSection(SolutionItems) = preProject
		.gitignore = .gitignore
		README.md = README.md
	EndProjectSection
EndProject
Project("{2150E333-8FDC-42A3-9474-1A3956D46DE8}") = "OpenAi", "OpenAi", "{A2F0F9C2-26F3-4B7E-B6A2-84D464F36D84}"
EndProject
Project("{2150E333-8FDC-42A3-9474-1A3956D46DE8}") = "Telegram", "Telegram", "{CA38E3A5-032F-43AB-AAA0-D921B22A7FB7}"
EndProject
Project("{FAE04EC0-301F-11D3-BF4B-00C04F79EFBC}") = "JGP.Ai.OpenAi.Clients", "OpenAi\JGP.Ai.OpenAi.Clients\JGP.Ai.OpenAi.Clients.csproj", "{FB0BACB7-7051-4888-9B79-ED11EEC27ECF}"
EndProject
Project("{FAE04EC0-301F-11D3-BF4B-00C04F79EFBC}") = "JGP.Ai.OpenAi.ConversationRunner", "OpenAi\JGP.Ai.OpenAi.ConversationRunner\JGP.Ai.OpenAi.ConversationRunner.csproj", "{1043D6A8-9705-4E6A-B827-E88122CE47F6}"
EndProject
Project("{FAE04EC0-301F-11D3-BF4B-00C04F79EFBC}") = "JGP.Telegram.Host", "JGP.Telegram.Host\JGP.Telegram.Host.csproj", "{82076BFA-E83B-44C8-9597-6EB1012FF377}"
EndProject
Project("{FAE04EC0-301F-11D3-BF4B-00C04F79EFBC}") = "JGP.Telegram.Core", "JGP.Telegram.Core\JGP.Telegram.Core.csproj", "{C596F8AC-EFF6-4337-B733-736ACBDED9C8}"
EndProject
Project("{FAE04EC0-301F-11D3-BF4B-00C04F79EFBC}") = "JGP.Telegram.Data.EntityFramework", "JGP.Telegram.Data.EntityFramework\JGP.Telegram.Data.EntityFramework.csproj", "{C5305908-F04B-4D30-9617-A3F29C26291F}"
EndProject
Project("{FAE04EC0-301F-11D3-BF4B-00C04F79EFBC}") = "JGP.Telegram.Services", "JGP.Telegram.Services\JGP.Telegram.Services.csproj", "{B25A164F-8054-4110-A2C6-03CCACE5810B}"
EndProject
Project("{2150E333-8FDC-42A3-9474-1A3956D46DE8}") = "TestArea", "TestArea", "{69641D46-7C35-43CE-AFA7-6D086B0D73DD}"
EndProject
Project("{FAE04EC0-301F-11D3-BF4B-00C04F79EFBC}") = "Conference", "Conference\Conference.csproj", "{C70B4254-8A3E-4BEE-A3E1-3759986635D4}"
EndProject
Project("{FAE04EC0-301F-11D3-BF4B-00C04F79EFBC}") = "DotNetGPT_Playground", "DotNetGPT_Playground\DotNetGPT_Playground.csproj", "{B799C553-9DD1-4AB9-9072-8BEDD407EE9F}"
EndProject
Project("{FAE04EC0-301F-11D3-BF4B-00C04F79EFBC}") = "JGP.Telegram.Models", "JGP.Telegram.Models\JGP.Telegram.Models.csproj", "{B6F10984-B080-4068-8F24-9DDB76FD2ED7}"
EndProject
Global
	GlobalSection(SolutionConfigurationPlatforms) = preSolution
		Debug|Any CPU = Debug|Any CPU
		Release|Any CPU = Release|Any CPU
	EndGlobalSection
	GlobalSection(NestedProjects) = preSolution
		{FB0BACB7-7051-4888-9B79-ED11EEC27ECF} = {A2F0F9C2-26F3-4B7E-B6A2-84D464F36D84}
		{1043D6A8-9705-4E6A-B827-E88122CE47F6} = {A2F0F9C2-26F3-4B7E-B6A2-84D464F36D84}
		{82076BFA-E83B-44C8-9597-6EB1012FF377} = {CA38E3A5-032F-43AB-AAA0-D921B22A7FB7}
		{C596F8AC-EFF6-4337-B733-736ACBDED9C8} = {CA38E3A5-032F-43AB-AAA0-D921B22A7FB7}
		{C5305908-F04B-4D30-9617-A3F29C26291F} = {CA38E3A5-032F-43AB-AAA0-D921B22A7FB7}
		{B25A164F-8054-4110-A2C6-03CCACE5810B} = {CA38E3A5-032F-43AB-AAA0-D921B22A7FB7}
		{C70B4254-8A3E-4BEE-A3E1-3759986635D4} = {69641D46-7C35-43CE-AFA7-6D086B0D73DD}
		{B799C553-9DD1-4AB9-9072-8BEDD407EE9F} = {69641D46-7C35-43CE-AFA7-6D086B0D73DD}
		{B6F10984-B080-4068-8F24-9DDB76FD2ED7} = {CA38E3A5-032F-43AB-AAA0-D921B22A7FB7}
	EndGlobalSection
	GlobalSection(ProjectConfigurationPlatforms) = postSolution
		{FB0BACB7-7051-4888-9B79-ED11EEC27ECF}.Debug|Any CPU.ActiveCfg = Debug|Any CPU
		{FB0BACB7-7051-4888-9B79-ED11EEC27ECF}.Debug|Any CPU.Build.0 = Debug|Any CPU
		{FB0BACB7-7051-4888-9B79-ED11EEC27ECF}.Release|Any CPU.ActiveCfg = Release|Any CPU
		{FB0BACB7-7051-4888-9B79-ED11EEC27ECF}.Release|Any CPU.Build.0 = Release|Any CPU
		{1043D6A8-9705-4E6A-B827-E88122CE47F6}.Debug|Any CPU.ActiveCfg = Debug|Any CPU
		{1043D6A8-9705-4E6A-B827-E88122CE47F6}.Debug|Any CPU.Build.0 = Debug|Any CPU
		{1043D6A8-9705-4E6A-B827-E88122CE47F6}.Release|Any CPU.ActiveCfg = Release|Any CPU
		{1043D6A8-9705-4E6A-B827-E88122CE47F6}.Release|Any CPU.Build.0 = Release|Any CPU
		{82076BFA-E83B-44C8-9597-6EB1012FF377}.Debug|Any CPU.ActiveCfg = Debug|Any CPU
		{82076BFA-E83B-44C8-9597-6EB1012FF377}.Debug|Any CPU.Build.0 = Debug|Any CPU
		{82076BFA-E83B-44C8-9597-6EB1012FF377}.Release|Any CPU.ActiveCfg = Release|Any CPU
		{82076BFA-E83B-44C8-9597-6EB1012FF377}.Release|Any CPU.Build.0 = Release|Any CPU
		{C596F8AC-EFF6-4337-B733-736ACBDED9C8}.Debug|Any CPU.ActiveCfg = Debug|Any CPU
		{C596F8AC-EFF6-4337-B733-736ACBDED9C8}.Debug|Any CPU.Build.0 = Debug|Any CPU
		{C596F8AC-EFF6-4337-B733-736ACBDED9C8}.Release|Any CPU.ActiveCfg = Release|Any CPU
		{C596F8AC-EFF6-4337-B733-736ACBDED9C8}.Release|Any CPU.Build.0 = Release|Any CPU
		{C5305908-F04B-4D30-9617-A3F29C26291F}.Debug|Any CPU.ActiveCfg = Debug|Any CPU
		{C5305908-F04B-4D30-9617-A3F29C26291F}.Debug|Any CPU.Build.0 = Debug|Any CPU
		{C5305908-F04B-4D30-9617-A3F29C26291F}.Release|Any CPU.ActiveCfg = Release|Any CPU
		{C5305908-F04B-4D30-9617-A3F29C26291F}.Release|Any CPU.Build.0 = Release|Any CPU
		{B25A164F-8054-4110-A2C6-03CCACE5810B}.Debug|Any CPU.ActiveCfg = Debug|Any CPU
		{B25A164F-8054-4110-A2C6-03CCACE5810B}.Debug|Any CPU.Build.0 = Debug|Any CPU
		{B25A164F-8054-4110-A2C6-03CCACE5810B}.Release|Any CPU.ActiveCfg = Release|Any CPU
		{B25A164F-8054-4110-A2C6-03CCACE5810B}.Release|Any CPU.Build.0 = Release|Any CPU
		{C70B4254-8A3E-4BEE-A3E1-3759986635D4}.Debug|Any CPU.ActiveCfg = Debug|Any CPU
		{C70B4254-8A3E-4BEE-A3E1-3759986635D4}.Debug|Any CPU.Build.0 = Debug|Any CPU
		{C70B4254-8A3E-4BEE-A3E1-3759986635D4}.Release|Any CPU.ActiveCfg = Release|Any CPU
		{C70B4254-8A3E-4BEE-A3E1-3759986635D4}.Release|Any CPU.Build.0 = Release|Any CPU
		{B799C553-9DD1-4AB9-9072-8BEDD407EE9F}.Debug|Any CPU.ActiveCfg = Debug|Any CPU
		{B799C553-9DD1-4AB9-9072-8BEDD407EE9F}.Debug|Any CPU.Build.0 = Debug|Any CPU
		{B799C553-9DD1-4AB9-9072-8BEDD407EE9F}.Release|Any CPU.ActiveCfg = Release|Any CPU
		{B799C553-9DD1-4AB9-9072-8BEDD407EE9F}.Release|Any CPU.Build.0 = Release|Any CPU
		{B6F10984-B080-4068-8F24-9DDB76FD2ED7}.Debug|Any CPU.ActiveCfg = Debug|Any CPU
		{B6F10984-B080-4068-8F24-9DDB76FD2ED7}.Debug|Any CPU.Build.0 = Debug|Any CPU
		{B6F10984-B080-4068-8F24-9DDB76FD2ED7}.Release|Any CPU.ActiveCfg = Release|Any CPU
		{B6F10984-B080-4068-8F24-9DDB76FD2ED7}.Release|Any CPU.Build.0 = Release|Any CPU
	EndGlobalSection
EndGlobal
